// !$*UTF8*$!
{
	archiveVersion = 1;
	classes = {
	};
	objectVersion = 48;
	objects = {

/* Begin PBXBuildFile section */
		0AC3A1EB2186479B00A2AE93 /* tessdata in Resources */ = {isa = PBXBuildFile; fileRef = 0AC3A1EA2186479B00A2AE93 /* tessdata */; };
		1866AEB32187D96700F62EC9 /* FriendTests.swift in Sources */ = {isa = PBXBuildFile; fileRef = 1866AEB22187D96700F62EC9 /* FriendTests.swift */; };
		188467762186B6AD00C38DFB /* ItemViewController.swift in Sources */ = {isa = PBXBuildFile; fileRef = 188467752186B6AD00C38DFB /* ItemViewController.swift */; };
		188467782186B79700C38DFB /* ItemTableViewCell.swift in Sources */ = {isa = PBXBuildFile; fileRef = 188467772186B79700C38DFB /* ItemTableViewCell.swift */; };
		18C4E53F2186928400466A5F /* libc++.tbd in Frameworks */ = {isa = PBXBuildFile; fileRef = 18C4E53E2186928400466A5F /* libc++.tbd */; };
		18C4E54121869E9F00466A5F /* AssignItemsViewController.swift in Sources */ = {isa = PBXBuildFile; fileRef = 18C4E54021869E9F00466A5F /* AssignItemsViewController.swift */; };
		18C4E54321869F9300466A5F /* AssignItemsViewControllerCellTableViewCell.swift in Sources */ = {isa = PBXBuildFile; fileRef = 18C4E54221869F9300466A5F /* AssignItemsViewControllerCellTableViewCell.swift */; };
		18C8D80E2182AD0D0055099C /* AppDelegate.swift in Sources */ = {isa = PBXBuildFile; fileRef = 18C8D80D2182AD0D0055099C /* AppDelegate.swift */; };
		18C8D8102182AD0D0055099C /* ViewController.swift in Sources */ = {isa = PBXBuildFile; fileRef = 18C8D80F2182AD0D0055099C /* ViewController.swift */; };
		18C8D8132182AD0D0055099C /* Main.storyboard in Resources */ = {isa = PBXBuildFile; fileRef = 18C8D8112182AD0D0055099C /* Main.storyboard */; };
		18C8D8152182AD0E0055099C /* Assets.xcassets in Resources */ = {isa = PBXBuildFile; fileRef = 18C8D8142182AD0E0055099C /* Assets.xcassets */; };
		18C8D8182182AD0E0055099C /* LaunchScreen.storyboard in Resources */ = {isa = PBXBuildFile; fileRef = 18C8D8162182AD0E0055099C /* LaunchScreen.storyboard */; };
		18C8D8232182AD0F0055099C /* split_itTests.swift in Sources */ = {isa = PBXBuildFile; fileRef = 18C8D8222182AD0F0055099C /* split_itTests.swift */; };
		18C8D82E2184F17B0055099C /* FriendTableViewCell.swift in Sources */ = {isa = PBXBuildFile; fileRef = 18C8D82D2184F17B0055099C /* FriendTableViewCell.swift */; };
		18C8D8302184F8C00055099C /* Friend.swift in Sources */ = {isa = PBXBuildFile; fileRef = 18C8D82F2184F8C00055099C /* Friend.swift */; };
		18C8D8322184FAB10055099C /* FriendTableViewController.swift in Sources */ = {isa = PBXBuildFile; fileRef = 18C8D8312184FAB10055099C /* FriendTableViewController.swift */; };
		18C8D83421862A370055099C /* AddFriendViewController.swift in Sources */ = {isa = PBXBuildFile; fileRef = 18C8D83321862A370055099C /* AddFriendViewController.swift */; };
		18C8D83821863A510055099C /* Item.swift in Sources */ = {isa = PBXBuildFile; fileRef = 18C8D83721863A510055099C /* Item.swift */; };
		18C8D83C218641A30055099C /* AddItemViewController.swift in Sources */ = {isa = PBXBuildFile; fileRef = 18C8D83B218641A30055099C /* AddItemViewController.swift */; };
		18C8D84021866AE40055099C /* CoreImage.framework in Frameworks */ = {isa = PBXBuildFile; fileRef = 18C8D83F21866AE40055099C /* CoreImage.framework */; };
		18C8D84221866AEB0055099C /* TesseractOCR.framework in Frameworks */ = {isa = PBXBuildFile; fileRef = 18C8D84121866AEB0055099C /* TesseractOCR.framework */; };
		4C90730EE7BA2CA3D3D189D4 /* Pods_split_it.framework in Frameworks */ = {isa = PBXBuildFile; fileRef = 9C4F9A01D4168C8859832B85 /* Pods_split_it.framework */; };
/* End PBXBuildFile section */

/* Begin PBXContainerItemProxy section */
		18C8D81F2182AD0F0055099C /* PBXContainerItemProxy */ = {
			isa = PBXContainerItemProxy;
			containerPortal = 18C8D8022182AD0D0055099C /* Project object */;
			proxyType = 1;
			remoteGlobalIDString = 18C8D8092182AD0D0055099C;
			remoteInfo = split.it;
		};
/* End PBXContainerItemProxy section */

/* Begin PBXFileReference section */
		0AC3A1EA2186479B00A2AE93 /* tessdata */ = {isa = PBXFileReference; lastKnownFileType = folder; path = tessdata; sourceTree = "<group>"; };
		1866AEB22187D96700F62EC9 /* FriendTests.swift */ = {isa = PBXFileReference; lastKnownFileType = sourcecode.swift; path = FriendTests.swift; sourceTree = "<group>"; };
		188467752186B6AD00C38DFB /* ItemViewController.swift */ = {isa = PBXFileReference; lastKnownFileType = sourcecode.swift; path = ItemViewController.swift; sourceTree = "<group>"; };
		188467772186B79700C38DFB /* ItemTableViewCell.swift */ = {isa = PBXFileReference; lastKnownFileType = sourcecode.swift; path = ItemTableViewCell.swift; sourceTree = "<group>"; };
		18C4E53E2186928400466A5F /* libc++.tbd */ = {isa = PBXFileReference; lastKnownFileType = "sourcecode.text-based-dylib-definition"; name = "libc++.tbd"; path = "usr/lib/libc++.tbd"; sourceTree = SDKROOT; };
		18C4E54021869E9F00466A5F /* AssignItemsViewController.swift */ = {isa = PBXFileReference; lastKnownFileType = sourcecode.swift; path = AssignItemsViewController.swift; sourceTree = "<group>"; };
		18C4E54221869F9300466A5F /* AssignItemsViewControllerCellTableViewCell.swift */ = {isa = PBXFileReference; lastKnownFileType = sourcecode.swift; path = AssignItemsViewControllerCellTableViewCell.swift; sourceTree = "<group>"; };
		18C8D80A2182AD0D0055099C /* split.it.app */ = {isa = PBXFileReference; explicitFileType = wrapper.application; includeInIndex = 0; path = split.it.app; sourceTree = BUILT_PRODUCTS_DIR; };
		18C8D80D2182AD0D0055099C /* AppDelegate.swift */ = {isa = PBXFileReference; lastKnownFileType = sourcecode.swift; path = AppDelegate.swift; sourceTree = "<group>"; };
		18C8D80F2182AD0D0055099C /* ViewController.swift */ = {isa = PBXFileReference; lastKnownFileType = sourcecode.swift; path = ViewController.swift; sourceTree = "<group>"; };
		18C8D8122182AD0D0055099C /* Base */ = {isa = PBXFileReference; lastKnownFileType = file.storyboard; name = Base; path = Base.lproj/Main.storyboard; sourceTree = "<group>"; };
		18C8D8142182AD0E0055099C /* Assets.xcassets */ = {isa = PBXFileReference; lastKnownFileType = folder.assetcatalog; path = Assets.xcassets; sourceTree = "<group>"; };
		18C8D8172182AD0E0055099C /* Base */ = {isa = PBXFileReference; lastKnownFileType = file.storyboard; name = Base; path = Base.lproj/LaunchScreen.storyboard; sourceTree = "<group>"; };
		18C8D8192182AD0E0055099C /* Info.plist */ = {isa = PBXFileReference; lastKnownFileType = text.plist.xml; path = Info.plist; sourceTree = "<group>"; };
		18C8D81E2182AD0F0055099C /* split.itTests.xctest */ = {isa = PBXFileReference; explicitFileType = wrapper.cfbundle; includeInIndex = 0; path = split.itTests.xctest; sourceTree = BUILT_PRODUCTS_DIR; };
		18C8D8222182AD0F0055099C /* split_itTests.swift */ = {isa = PBXFileReference; lastKnownFileType = sourcecode.swift; path = split_itTests.swift; sourceTree = "<group>"; };
		18C8D8242182AD0F0055099C /* Info.plist */ = {isa = PBXFileReference; lastKnownFileType = text.plist.xml; path = Info.plist; sourceTree = "<group>"; };
		18C8D82D2184F17B0055099C /* FriendTableViewCell.swift */ = {isa = PBXFileReference; lastKnownFileType = sourcecode.swift; path = FriendTableViewCell.swift; sourceTree = "<group>"; };
		18C8D82F2184F8C00055099C /* Friend.swift */ = {isa = PBXFileReference; lastKnownFileType = sourcecode.swift; path = Friend.swift; sourceTree = "<group>"; };
		18C8D8312184FAB10055099C /* FriendTableViewController.swift */ = {isa = PBXFileReference; lastKnownFileType = sourcecode.swift; path = FriendTableViewController.swift; sourceTree = "<group>"; };
		18C8D83321862A370055099C /* AddFriendViewController.swift */ = {isa = PBXFileReference; lastKnownFileType = sourcecode.swift; path = AddFriendViewController.swift; sourceTree = "<group>"; };
		18C8D83721863A510055099C /* Item.swift */ = {isa = PBXFileReference; lastKnownFileType = sourcecode.swift; path = Item.swift; sourceTree = "<group>"; };
		18C8D83B218641A30055099C /* AddItemViewController.swift */ = {isa = PBXFileReference; lastKnownFileType = sourcecode.swift; path = AddItemViewController.swift; sourceTree = "<group>"; };
		18C8D83D21866ADD0055099C /* libstdc++.tbd */ = {isa = PBXFileReference; lastKnownFileType = "sourcecode.text-based-dylib-definition"; name = "libstdc++.tbd"; path = "usr/lib/libstdc++.tbd"; sourceTree = SDKROOT; };
		18C8D83F21866AE40055099C /* CoreImage.framework */ = {isa = PBXFileReference; lastKnownFileType = wrapper.framework; name = CoreImage.framework; path = System/Library/Frameworks/CoreImage.framework; sourceTree = SDKROOT; };
		18C8D84121866AEB0055099C /* TesseractOCR.framework */ = {isa = PBXFileReference; explicitFileType = wrapper.framework; path = TesseractOCR.framework; sourceTree = BUILT_PRODUCTS_DIR; };
		25DE593B97A4A0575C066113 /* Pods-split.it.debug.xcconfig */ = {isa = PBXFileReference; includeInIndex = 1; lastKnownFileType = text.xcconfig; name = "Pods-split.it.debug.xcconfig"; path = "Pods/Target Support Files/Pods-split.it/Pods-split.it.debug.xcconfig"; sourceTree = "<group>"; };
		8E5C704A7BF99DDBD7D52CF7 /* Pods-split.it.release.xcconfig */ = {isa = PBXFileReference; includeInIndex = 1; lastKnownFileType = text.xcconfig; name = "Pods-split.it.release.xcconfig"; path = "Pods/Target Support Files/Pods-split.it/Pods-split.it.release.xcconfig"; sourceTree = "<group>"; };
		982BB845A873E0C7B9B682BB /* Pods_split_itTests.framework */ = {isa = PBXFileReference; explicitFileType = wrapper.framework; includeInIndex = 0; path = Pods_split_itTests.framework; sourceTree = BUILT_PRODUCTS_DIR; };
		9C4F9A01D4168C8859832B85 /* Pods_split_it.framework */ = {isa = PBXFileReference; explicitFileType = wrapper.framework; includeInIndex = 0; path = Pods_split_it.framework; sourceTree = BUILT_PRODUCTS_DIR; };
/* End PBXFileReference section */

/* Begin PBXFrameworksBuildPhase section */
		18C8D8072182AD0D0055099C /* Frameworks */ = {
			isa = PBXFrameworksBuildPhase;
			buildActionMask = 2147483647;
			files = (
				18C4E53F2186928400466A5F /* libc++.tbd in Frameworks */,
				18C8D84221866AEB0055099C /* TesseractOCR.framework in Frameworks */,
				18C8D84021866AE40055099C /* CoreImage.framework in Frameworks */,
				4C90730EE7BA2CA3D3D189D4 /* Pods_split_it.framework in Frameworks */,
			);
			runOnlyForDeploymentPostprocessing = 0;
		};
		18C8D81B2182AD0F0055099C /* Frameworks */ = {
			isa = PBXFrameworksBuildPhase;
			buildActionMask = 2147483647;
			files = (
			);
			runOnlyForDeploymentPostprocessing = 0;
		};
/* End PBXFrameworksBuildPhase section */

/* Begin PBXGroup section */
		18C8D8012182AD0D0055099C = {
			isa = PBXGroup;
			children = (
				18C8D80C2182AD0D0055099C /* split.it */,
				18C8D8212182AD0F0055099C /* split.itTests */,
				18C8D80B2182AD0D0055099C /* Products */,
				4ADF29077F4E2EC53FD83FA0 /* Pods */,
				494E3FB1C3432E74448E1ADA /* Frameworks */,
			);
			sourceTree = "<group>";
		};
		18C8D80B2182AD0D0055099C /* Products */ = {
			isa = PBXGroup;
			children = (
				18C8D80A2182AD0D0055099C /* split.it.app */,
				18C8D81E2182AD0F0055099C /* split.itTests.xctest */,
			);
			name = Products;
			sourceTree = "<group>";
		};
		18C8D80C2182AD0D0055099C /* split.it */ = {
			isa = PBXGroup;
			children = (
				18C8D80D2182AD0D0055099C /* AppDelegate.swift */,
				18C8D80F2182AD0D0055099C /* ViewController.swift */,
				18C8D8112182AD0D0055099C /* Main.storyboard */,
				18C4E54221869F9300466A5F /* AssignItemsViewControllerCellTableViewCell.swift */,
				18C4E54021869E9F00466A5F /* AssignItemsViewController.swift */,
				18C8D8142182AD0E0055099C /* Assets.xcassets */,
				18C8D8162182AD0E0055099C /* LaunchScreen.storyboard */,
				18C8D8312184FAB10055099C /* FriendTableViewController.swift */,
				18C8D8192182AD0E0055099C /* Info.plist */,
				18C8D82D2184F17B0055099C /* FriendTableViewCell.swift */,
				18C8D82F2184F8C00055099C /* Friend.swift */,
				18C8D83321862A370055099C /* AddFriendViewController.swift */,
				18C8D83721863A510055099C /* Item.swift */,
				18C8D83B218641A30055099C /* AddItemViewController.swift */,
				188467752186B6AD00C38DFB /* ItemViewController.swift */,
				188467772186B79700C38DFB /* ItemTableViewCell.swift */,
			);
			path = split.it;
			sourceTree = "<group>";
		};
		18C8D8212182AD0F0055099C /* split.itTests */ = {
			isa = PBXGroup;
			children = (
				1866AEB22187D96700F62EC9 /* FriendTests.swift */,
				18C8D8222182AD0F0055099C /* split_itTests.swift */,
				18C8D8242182AD0F0055099C /* Info.plist */,
			);
			path = split.itTests;
			sourceTree = "<group>";
		};
		494E3FB1C3432E74448E1ADA /* Frameworks */ = {
			isa = PBXGroup;
			children = (
				18C4E53E2186928400466A5F /* libc++.tbd */,
				18C8D84121866AEB0055099C /* TesseractOCR.framework */,
				18C8D83F21866AE40055099C /* CoreImage.framework */,
				18C8D83D21866ADD0055099C /* libstdc++.tbd */,
				0AC3A1EA2186479B00A2AE93 /* tessdata */,
				9C4F9A01D4168C8859832B85 /* Pods_split_it.framework */,
				982BB845A873E0C7B9B682BB /* Pods_split_itTests.framework */,
			);
			name = Frameworks;
			sourceTree = "<group>";
		};
		4ADF29077F4E2EC53FD83FA0 /* Pods */ = {
			isa = PBXGroup;
			children = (
				25DE593B97A4A0575C066113 /* Pods-split.it.debug.xcconfig */,
				8E5C704A7BF99DDBD7D52CF7 /* Pods-split.it.release.xcconfig */,
			);
			name = Pods;
			sourceTree = "<group>";
		};
/* End PBXGroup section */

/* Begin PBXNativeTarget section */
		18C8D8092182AD0D0055099C /* split.it */ = {
			isa = PBXNativeTarget;
			buildConfigurationList = 18C8D8272182AD0F0055099C /* Build configuration list for PBXNativeTarget "split.it" */;
			buildPhases = (
				565F22830D21D1B004E645E5 /* [CP] Check Pods Manifest.lock */,
				18C8D8062182AD0D0055099C /* Sources */,
				18C8D8072182AD0D0055099C /* Frameworks */,
				18C8D8082182AD0D0055099C /* Resources */,
				49E0F4CB23333B0EA83BEAAD /* [CP] Embed Pods Frameworks */,
			);
			buildRules = (
			);
			dependencies = (
			);
			name = split.it;
			productName = split.it;
			productReference = 18C8D80A2182AD0D0055099C /* split.it.app */;
			productType = "com.apple.product-type.application";
		};
		18C8D81D2182AD0F0055099C /* split.itTests */ = {
			isa = PBXNativeTarget;
			buildConfigurationList = 18C8D82A2182AD0F0055099C /* Build configuration list for PBXNativeTarget "split.itTests" */;
			buildPhases = (
				18C8D81A2182AD0F0055099C /* Sources */,
				18C8D81B2182AD0F0055099C /* Frameworks */,
				18C8D81C2182AD0F0055099C /* Resources */,
			);
			buildRules = (
			);
			dependencies = (
				18C8D8202182AD0F0055099C /* PBXTargetDependency */,
			);
			name = split.itTests;
			productName = split.itTests;
			productReference = 18C8D81E2182AD0F0055099C /* split.itTests.xctest */;
			productType = "com.apple.product-type.bundle.unit-test";
		};
/* End PBXNativeTarget section */

/* Begin PBXProject section */
		18C8D8022182AD0D0055099C /* Project object */ = {
			isa = PBXProject;
			attributes = {
				LastSwiftUpdateCheck = 0940;
				LastUpgradeCheck = 0940;
				ORGANIZATIONNAME = KAS;
				TargetAttributes = {
					18C8D8092182AD0D0055099C = {
						CreatedOnToolsVersion = 9.4.1;
						ProvisioningStyle = Automatic;
					};
					18C8D81D2182AD0F0055099C = {
						CreatedOnToolsVersion = 9.4.1;
						ProvisioningStyle = Automatic;
						TestTargetID = 18C8D8092182AD0D0055099C;
					};
				};
			};
			buildConfigurationList = 18C8D8052182AD0D0055099C /* Build configuration list for PBXProject "split.it" */;
			compatibilityVersion = "Xcode 8.0";
			developmentRegion = en;
			hasScannedForEncodings = 0;
			knownRegions = (
				en,
				Base,
			);
			mainGroup = 18C8D8012182AD0D0055099C;
			productRefGroup = 18C8D80B2182AD0D0055099C /* Products */;
			projectDirPath = "";
			projectRoot = "";
			targets = (
				18C8D8092182AD0D0055099C /* split.it */,
				18C8D81D2182AD0F0055099C /* split.itTests */,
			);
		};
/* End PBXProject section */

/* Begin PBXResourcesBuildPhase section */
		18C8D8082182AD0D0055099C /* Resources */ = {
			isa = PBXResourcesBuildPhase;
			buildActionMask = 2147483647;
			files = (
				18C8D8182182AD0E0055099C /* LaunchScreen.storyboard in Resources */,
				0AC3A1EB2186479B00A2AE93 /* tessdata in Resources */,
				18C8D8152182AD0E0055099C /* Assets.xcassets in Resources */,
				18C8D8132182AD0D0055099C /* Main.storyboard in Resources */,
			);
			runOnlyForDeploymentPostprocessing = 0;
		};
		18C8D81C2182AD0F0055099C /* Resources */ = {
			isa = PBXResourcesBuildPhase;
			buildActionMask = 2147483647;
			files = (
			);
			runOnlyForDeploymentPostprocessing = 0;
		};
/* End PBXResourcesBuildPhase section */

/* Begin PBXShellScriptBuildPhase section */
		49E0F4CB23333B0EA83BEAAD /* [CP] Embed Pods Frameworks */ = {
			isa = PBXShellScriptBuildPhase;
			buildActionMask = 2147483647;
			files = (
			);
			inputPaths = (
				"${SRCROOT}/Pods/Target Support Files/Pods-split.it/Pods-split.it-frameworks.sh",
				"${BUILT_PRODUCTS_DIR}/TesseractOCRiOS/TesseractOCR.framework",
			);
			name = "[CP] Embed Pods Frameworks";
			outputPaths = (
				"${TARGET_BUILD_DIR}/${FRAMEWORKS_FOLDER_PATH}/TesseractOCR.framework",
			);
			runOnlyForDeploymentPostprocessing = 0;
			shellPath = /bin/sh;
			shellScript = "\"${SRCROOT}/Pods/Target Support Files/Pods-split.it/Pods-split.it-frameworks.sh\"\n";
			showEnvVarsInLog = 0;
		};
		565F22830D21D1B004E645E5 /* [CP] Check Pods Manifest.lock */ = {
			isa = PBXShellScriptBuildPhase;
			buildActionMask = 2147483647;
			files = (
			);
			inputPaths = (
				"${PODS_PODFILE_DIR_PATH}/Podfile.lock",
				"${PODS_ROOT}/Manifest.lock",
			);
			name = "[CP] Check Pods Manifest.lock";
			outputPaths = (
				"$(DERIVED_FILE_DIR)/Pods-split.it-checkManifestLockResult.txt",
			);
			runOnlyForDeploymentPostprocessing = 0;
			shellPath = /bin/sh;
			shellScript = "diff \"${PODS_PODFILE_DIR_PATH}/Podfile.lock\" \"${PODS_ROOT}/Manifest.lock\" > /dev/null\nif [ $? != 0 ] ; then\n    # print error to STDERR\n    echo \"error: The sandbox is not in sync with the Podfile.lock. Run 'pod install' or update your CocoaPods installation.\" >&2\n    exit 1\nfi\n# This output is used by Xcode 'outputs' to avoid re-running this script phase.\necho \"SUCCESS\" > \"${SCRIPT_OUTPUT_FILE_0}\"\n";
			showEnvVarsInLog = 0;
		};
/* End PBXShellScriptBuildPhase section */

/* Begin PBXSourcesBuildPhase section */
		18C8D8062182AD0D0055099C /* Sources */ = {
			isa = PBXSourcesBuildPhase;
			buildActionMask = 2147483647;
			files = (
				188467762186B6AD00C38DFB /* ItemViewController.swift in Sources */,
				18C4E54321869F9300466A5F /* AssignItemsViewControllerCellTableViewCell.swift in Sources */,
				18C8D83421862A370055099C /* AddFriendViewController.swift in Sources */,
				18C8D82E2184F17B0055099C /* FriendTableViewCell.swift in Sources */,
				188467782186B79700C38DFB /* ItemTableViewCell.swift in Sources */,
				18C8D8322184FAB10055099C /* FriendTableViewController.swift in Sources */,
				18C8D83C218641A30055099C /* AddItemViewController.swift in Sources */,
				18C8D83821863A510055099C /* Item.swift in Sources */,
				18C8D8102182AD0D0055099C /* ViewController.swift in Sources */,
				18C8D80E2182AD0D0055099C /* AppDelegate.swift in Sources */,
				18C8D8302184F8C00055099C /* Friend.swift in Sources */,
				18C4E54121869E9F00466A5F /* AssignItemsViewController.swift in Sources */,
			);
			runOnlyForDeploymentPostprocessing = 0;
		};
		18C8D81A2182AD0F0055099C /* Sources */ = {
			isa = PBXSourcesBuildPhase;
			buildActionMask = 2147483647;
			files = (
				18C8D8232182AD0F0055099C /* split_itTests.swift in Sources */,
				1866AEB32187D96700F62EC9 /* FriendTests.swift in Sources */,
			);
			runOnlyForDeploymentPostprocessing = 0;
		};
/* End PBXSourcesBuildPhase section */

/* Begin PBXTargetDependency section */
		18C8D8202182AD0F0055099C /* PBXTargetDependency */ = {
			isa = PBXTargetDependency;
			target = 18C8D8092182AD0D0055099C /* split.it */;
			targetProxy = 18C8D81F2182AD0F0055099C /* PBXContainerItemProxy */;
		};
/* End PBXTargetDependency section */

/* Begin PBXVariantGroup section */
		18C8D8112182AD0D0055099C /* Main.storyboard */ = {
			isa = PBXVariantGroup;
			children = (
				18C8D8122182AD0D0055099C /* Base */,
			);
			name = Main.storyboard;
			sourceTree = "<group>";
		};
		18C8D8162182AD0E0055099C /* LaunchScreen.storyboard */ = {
			isa = PBXVariantGroup;
			children = (
				18C8D8172182AD0E0055099C /* Base */,
			);
			name = LaunchScreen.storyboard;
			sourceTree = "<group>";
		};
/* End PBXVariantGroup section */

/* Begin XCBuildConfiguration section */
		18C8D8252182AD0F0055099C /* Debug */ = {
			isa = XCBuildConfiguration;
			buildSettings = {
				ALWAYS_SEARCH_USER_PATHS = NO;
				CLANG_ANALYZER_NONNULL = YES;
				CLANG_ANALYZER_NUMBER_OBJECT_CONVERSION = YES_AGGRESSIVE;
				CLANG_CXX_LANGUAGE_STANDARD = "gnu++14";
				CLANG_CXX_LIBRARY = "libc++";
				CLANG_ENABLE_MODULES = YES;
				CLANG_ENABLE_OBJC_ARC = YES;
				CLANG_ENABLE_OBJC_WEAK = YES;
				CLANG_WARN_BLOCK_CAPTURE_AUTORELEASING = YES;
				CLANG_WARN_BOOL_CONVERSION = YES;
				CLANG_WARN_COMMA = YES;
				CLANG_WARN_CONSTANT_CONVERSION = YES;
				CLANG_WARN_DEPRECATED_OBJC_IMPLEMENTATIONS = YES;
				CLANG_WARN_DIRECT_OBJC_ISA_USAGE = YES_ERROR;
				CLANG_WARN_DOCUMENTATION_COMMENTS = YES;
				CLANG_WARN_EMPTY_BODY = YES;
				CLANG_WARN_ENUM_CONVERSION = YES;
				CLANG_WARN_INFINITE_RECURSION = YES;
				CLANG_WARN_INT_CONVERSION = YES;
				CLANG_WARN_NON_LITERAL_NULL_CONVERSION = YES;
				CLANG_WARN_OBJC_IMPLICIT_RETAIN_SELF = YES;
				CLANG_WARN_OBJC_LITERAL_CONVERSION = YES;
				CLANG_WARN_OBJC_ROOT_CLASS = YES_ERROR;
				CLANG_WARN_RANGE_LOOP_ANALYSIS = YES;
				CLANG_WARN_STRICT_PROTOTYPES = YES;
				CLANG_WARN_SUSPICIOUS_MOVE = YES;
				CLANG_WARN_UNGUARDED_AVAILABILITY = YES_AGGRESSIVE;
				CLANG_WARN_UNREACHABLE_CODE = YES;
				CLANG_WARN__DUPLICATE_METHOD_MATCH = YES;
				CODE_SIGN_IDENTITY = "iPhone Developer";
				COPY_PHASE_STRIP = NO;
				DEBUG_INFORMATION_FORMAT = dwarf;
				ENABLE_STRICT_OBJC_MSGSEND = YES;
				ENABLE_TESTABILITY = YES;
				GCC_C_LANGUAGE_STANDARD = gnu11;
				GCC_DYNAMIC_NO_PIC = NO;
				GCC_NO_COMMON_BLOCKS = YES;
				GCC_OPTIMIZATION_LEVEL = 0;
				GCC_PREPROCESSOR_DEFINITIONS = (
					"DEBUG=1",
					"$(inherited)",
				);
				GCC_WARN_64_TO_32_BIT_CONVERSION = YES;
				GCC_WARN_ABOUT_RETURN_TYPE = YES_ERROR;
				GCC_WARN_UNDECLARED_SELECTOR = YES;
				GCC_WARN_UNINITIALIZED_AUTOS = YES_AGGRESSIVE;
				GCC_WARN_UNUSED_FUNCTION = YES;
				GCC_WARN_UNUSED_VARIABLE = YES;
				IPHONEOS_DEPLOYMENT_TARGET = 11.4;
				MTL_ENABLE_DEBUG_INFO = YES;
				ONLY_ACTIVE_ARCH = YES;
				SDKROOT = iphoneos;
				SWIFT_ACTIVE_COMPILATION_CONDITIONS = DEBUG;
				SWIFT_OPTIMIZATION_LEVEL = "-Onone";
			};
			name = Debug;
		};
		18C8D8262182AD0F0055099C /* Release */ = {
			isa = XCBuildConfiguration;
			buildSettings = {
				ALWAYS_SEARCH_USER_PATHS = NO;
				CLANG_ANALYZER_NONNULL = YES;
				CLANG_ANALYZER_NUMBER_OBJECT_CONVERSION = YES_AGGRESSIVE;
				CLANG_CXX_LANGUAGE_STANDARD = "gnu++14";
				CLANG_CXX_LIBRARY = "libc++";
				CLANG_ENABLE_MODULES = YES;
				CLANG_ENABLE_OBJC_ARC = YES;
				CLANG_ENABLE_OBJC_WEAK = YES;
				CLANG_WARN_BLOCK_CAPTURE_AUTORELEASING = YES;
				CLANG_WARN_BOOL_CONVERSION = YES;
				CLANG_WARN_COMMA = YES;
				CLANG_WARN_CONSTANT_CONVERSION = YES;
				CLANG_WARN_DEPRECATED_OBJC_IMPLEMENTATIONS = YES;
				CLANG_WARN_DIRECT_OBJC_ISA_USAGE = YES_ERROR;
				CLANG_WARN_DOCUMENTATION_COMMENTS = YES;
				CLANG_WARN_EMPTY_BODY = YES;
				CLANG_WARN_ENUM_CONVERSION = YES;
				CLANG_WARN_INFINITE_RECURSION = YES;
				CLANG_WARN_INT_CONVERSION = YES;
				CLANG_WARN_NON_LITERAL_NULL_CONVERSION = YES;
				CLANG_WARN_OBJC_IMPLICIT_RETAIN_SELF = YES;
				CLANG_WARN_OBJC_LITERAL_CONVERSION = YES;
				CLANG_WARN_OBJC_ROOT_CLASS = YES_ERROR;
				CLANG_WARN_RANGE_LOOP_ANALYSIS = YES;
				CLANG_WARN_STRICT_PROTOTYPES = YES;
				CLANG_WARN_SUSPICIOUS_MOVE = YES;
				CLANG_WARN_UNGUARDED_AVAILABILITY = YES_AGGRESSIVE;
				CLANG_WARN_UNREACHABLE_CODE = YES;
				CLANG_WARN__DUPLICATE_METHOD_MATCH = YES;
				CODE_SIGN_IDENTITY = "iPhone Developer";
				COPY_PHASE_STRIP = NO;
				DEBUG_INFORMATION_FORMAT = "dwarf-with-dsym";
				ENABLE_NS_ASSERTIONS = NO;
				ENABLE_STRICT_OBJC_MSGSEND = YES;
				GCC_C_LANGUAGE_STANDARD = gnu11;
				GCC_NO_COMMON_BLOCKS = YES;
				GCC_WARN_64_TO_32_BIT_CONVERSION = YES;
				GCC_WARN_ABOUT_RETURN_TYPE = YES_ERROR;
				GCC_WARN_UNDECLARED_SELECTOR = YES;
				GCC_WARN_UNINITIALIZED_AUTOS = YES_AGGRESSIVE;
				GCC_WARN_UNUSED_FUNCTION = YES;
				GCC_WARN_UNUSED_VARIABLE = YES;
				IPHONEOS_DEPLOYMENT_TARGET = 11.4;
				MTL_ENABLE_DEBUG_INFO = NO;
				SDKROOT = iphoneos;
				SWIFT_OPTIMIZATION_LEVEL = "-Owholemodule";
				VALIDATE_PRODUCT = YES;
			};
			name = Release;
		};
		18C8D8282182AD0F0055099C /* Debug */ = {
			isa = XCBuildConfiguration;
			baseConfigurationReference = 25DE593B97A4A0575C066113 /* Pods-split.it.debug.xcconfig */;
			buildSettings = {
				ASSETCATALOG_COMPILER_APPICON_NAME = AppIcon;
				CODE_SIGN_STYLE = Automatic;
				DEVELOPMENT_TEAM = 4A22XKGBQX;
				ENABLE_BITCODE = NO;
				INFOPLIST_FILE = split.it/Info.plist;
				LD_RUNPATH_SEARCH_PATHS = "$(inherited) @executable_path/Frameworks";
				PRODUCT_BUNDLE_IDENTIFIER = "com.example.split-it";
				PRODUCT_MODULE_NAME = split_it;
				PRODUCT_NAME = "$(TARGET_NAME)";
				SWIFT_VERSION = 4.0;
				TARGETED_DEVICE_FAMILY = "1,2";
			};
			name = Debug;
		};
		18C8D8292182AD0F0055099C /* Release */ = {
			isa = XCBuildConfiguration;
			baseConfigurationReference = 8E5C704A7BF99DDBD7D52CF7 /* Pods-split.it.release.xcconfig */;
			buildSettings = {
				ASSETCATALOG_COMPILER_APPICON_NAME = AppIcon;
				CODE_SIGN_STYLE = Automatic;
				DEVELOPMENT_TEAM = 4A22XKGBQX;
				ENABLE_BITCODE = NO;
				INFOPLIST_FILE = split.it/Info.plist;
				LD_RUNPATH_SEARCH_PATHS = "$(inherited) @executable_path/Frameworks";
				PRODUCT_BUNDLE_IDENTIFIER = "com.example.split-it";
				PRODUCT_MODULE_NAME = split_it;
				PRODUCT_NAME = "$(TARGET_NAME)";
				SWIFT_VERSION = 4.0;
				TARGETED_DEVICE_FAMILY = "1,2";
			};
			name = Release;
		};
		18C8D82B2182AD0F0055099C /* Debug */ = {
			isa = XCBuildConfiguration;
			buildSettings = {
				ALWAYS_EMBED_SWIFT_STANDARD_LIBRARIES = YES;
				BUNDLE_LOADER = "$(TEST_HOST)";
				CODE_SIGN_STYLE = Automatic;
				DEVELOPMENT_TEAM = 4A22XKGBQX;
				INFOPLIST_FILE = split.itTests/Info.plist;
				LD_RUNPATH_SEARCH_PATHS = "$(inherited) @executable_path/Frameworks @loader_path/Frameworks";
				PRODUCT_BUNDLE_IDENTIFIER = "com.example.split-itTests";
				PRODUCT_NAME = "$(TARGET_NAME)";
				SWIFT_VERSION = 4.0;
				TARGETED_DEVICE_FAMILY = "1,2";
				TEST_HOST = "$(BUILT_PRODUCTS_DIR)/split.it.app/split.it";
			};
			name = Debug;
		};
		18C8D82C2182AD0F0055099C /* Release */ = {
			isa = XCBuildConfiguration;
			buildSettings = {
				ALWAYS_EMBED_SWIFT_STANDARD_LIBRARIES = YES;
				BUNDLE_LOADER = "$(TEST_HOST)";
				CODE_SIGN_STYLE = Automatic;
				DEVELOPMENT_TEAM = 4A22XKGBQX;
				INFOPLIST_FILE = split.itTests/Info.plist;
				LD_RUNPATH_SEARCH_PATHS = "$(inherited) @executable_path/Frameworks @loader_path/Frameworks";
				PRODUCT_BUNDLE_IDENTIFIER = "com.example.split-itTests";
				PRODUCT_NAME = "$(TARGET_NAME)";
				SWIFT_VERSION = 4.0;
				TARGETED_DEVICE_FAMILY = "1,2";
				TEST_HOST = "$(BUILT_PRODUCTS_DIR)/split.it.app/split.it";
			};
			name = Release;
		};
/* End XCBuildConfiguration section */

/* Begin XCConfigurationList section */
		18C8D8052182AD0D0055099C /* Build configuration list for PBXProject "split.it" */ = {
			isa = XCConfigurationList;
			buildConfigurations = (
				18C8D8252182AD0F0055099C /* Debug */,
				18C8D8262182AD0F0055099C /* Release */,
			);
			defaultConfigurationIsVisible = 0;
			defaultConfigurationName = Release;
		};
		18C8D8272182AD0F0055099C /* Build configuration list for PBXNativeTarget "split.it" */ = {
			isa = XCConfigurationList;
			buildConfigurations = (
				18C8D8282182AD0F0055099C /* Debug */,
				18C8D8292182AD0F0055099C /* Release */,
			);
			defaultConfigurationIsVisible = 0;
			defaultConfigurationName = Release;
		};
		18C8D82A2182AD0F0055099C /* Build configuration list for PBXNativeTarget "split.itTests" */ = {
			isa = XCConfigurationList;
			buildConfigurations = (
				18C8D82B2182AD0F0055099C /* Debug */,
				18C8D82C2182AD0F0055099C /* Release */,
			);
			defaultConfigurationIsVisible = 0;
			defaultConfigurationName = Release;
		};
/* End XCConfigurationList section */
	};
	rootObject = 18C8D8022182AD0D0055099C /* Project object */;
}
